
Microsoft Visual Studio Solution File, Format Version 12.00
# Visual Studio 15
VisualStudioVersion = 15.0.28307.1267
MinimumVisualStudioVersion = 10.0.40219.1
Project("{8BC9CEB8-8B4A-11D0-8D11-00A0C91BC942}") = "DirMonService", "DirMonService\DirMonService.vcxproj", "{FC9D956A-6ABE-4895-9AB6-803CD5EED2B6}"
EndProject
Global
	GlobalSection(SolutionConfigurationPlatforms) = preSolution
		Debug|x64 = Debug|x64
		Debug|x86 = Debug|x86
		Release|x64 = Release|x64
		Release|x86 = Release|x86
	EndGlobalSection
	GlobalSection(ProjectConfigurationPlatforms) = postSolution
		{FC9D956A-6ABE-4895-9AB6-803CD5EED2B6}.Debug|x64.ActiveCfg = Debug|x64
		{FC9D956A-6ABE-4895-9AB6-803CD5EED2B6}.Debug|x64.Build.0 = Debug|x64
		{FC9D956A-6ABE-4895-9AB6-803CD5EED2B6}.Debug|x86.ActiveCfg = Debug|Win32
		{FC9D956A-6ABE-4895-9AB6-803CD5EED2B6}.Debug|x86.Build.0 = Debug|Win32
		{FC9D956A-6ABE-4895-9AB6-803CD5EED2B6}.Release|x64.ActiveCfg = Release|x64
		{FC9D956A-6ABE-4895-9AB6-803CD5EED2B6}.Release|x64.Build.0 = Release|x64
		{FC9D956A-6ABE-4895-9AB6-803CD5EED2B6}.Release|x86.ActiveCfg = Release|Win32
		{FC9D956A-6ABE-4895-9AB6-803CD5EED2B6}.Release|x86.Build.0 = Release|Win32
	EndGlobalSection
	GlobalSection(SolutionProperties) = preSolution
		HideSolutionNode = FALSE
	EndGlobalSection
	GlobalSection(ExtensibilityGlobals) = postSolution
		SolutionGuid = {DECB15C1-01B7-4FC3-90F0-113EE7E963B5}
	EndGlobalSection
EndGlobal
